
Microsoft Visual Studio Solution File, Format Version 12.00
# Visual Studio Version 16
VisualStudioVersion = 16.0.31829.152
MinimumVisualStudioVersion = 10.0.40219.1
Project("{FAE04EC0-301F-11D3-BF4B-00C04F79EFBC}") = "WpfTask3", "WpfTask3\WpfTask3.csproj", "{23759564-2869-461C-8C7E-633280C47E8B}"
EndProject
Global
	GlobalSection(SolutionConfigurationPlatforms) = preSolution
		Debug|Any CPU = Debug|Any CPU
		Release|Any CPU = Release|Any CPU
	EndGlobalSection
	GlobalSection(ProjectConfigurationPlatforms) = postSolution
		{23759564-2869-461C-8C7E-633280C47E8B}.Debug|Any CPU.ActiveCfg = Debug|Any CPU
		{23759564-2869-461C-8C7E-633280C47E8B}.Debug|Any CPU.Build.0 = Debug|Any CPU
		{23759564-2869-461C-8C7E-633280C47E8B}.Release|Any CPU.ActiveCfg = Release|Any CPU
		{23759564-2869-461C-8C7E-633280C47E8B}.Release|Any CPU.Build.0 = Release|Any CPU
	EndGlobalSection
	GlobalSection(SolutionProperties) = preSolution
		HideSolutionNode = FALSE
	EndGlobalSection
	GlobalSection(ExtensibilityGlobals) = postSolution
		SolutionGuid = {A20A1367-2BB2-4C4C-B5C2-34B11FFA8442}
	EndGlobalSection
EndGlobal
